
Microsoft Visual Studio Solution File, Format Version 12.00
# Visual Studio 2017
Project("{FAE04EC0-301F-11D3-BF4B-00C04F79EFBC}") = "TotalKnockback", "TotalKnockback.csproj", "{B1B54305-02D4-EF8A-58E7-703B48AF53B3}"
EndProject
Project("{FAE04EC0-301F-11D3-BF4B-00C04F79EFBC}") = "TotalKnockback.Editor", "TotalKnockback.Editor.csproj", "{B1395B67-790F-C857-47F3-3F8B768F2BAE}"
EndProject
Global
	GlobalSection(SolutionConfigurationPlatforms) = preSolution
		Debug|Any CPU = Debug|Any CPU
		Release|Any CPU = Release|Any CPU
	EndGlobalSection
	GlobalSection(ProjectConfigurationPlatforms) = postSolution
		{B1B54305-02D4-EF8A-58E7-703B48AF53B3}.Debug|Any CPU.ActiveCfg = Debug|Any CPU
		{B1B54305-02D4-EF8A-58E7-703B48AF53B3}.Debug|Any CPU.Build.0 = Debug|Any CPU
		{B1B54305-02D4-EF8A-58E7-703B48AF53B3}.Release|Any CPU.ActiveCfg = Release|Any CPU
		{B1B54305-02D4-EF8A-58E7-703B48AF53B3}.Release|Any CPU.Build.0 = Release|Any CPU
		{B1395B67-790F-C857-47F3-3F8B768F2BAE}.Debug|Any CPU.ActiveCfg = Debug|Any CPU
		{B1395B67-790F-C857-47F3-3F8B768F2BAE}.Debug|Any CPU.Build.0 = Debug|Any CPU
		{B1395B67-790F-C857-47F3-3F8B768F2BAE}.Release|Any CPU.ActiveCfg = Release|Any CPU
		{B1395B67-790F-C857-47F3-3F8B768F2BAE}.Release|Any CPU.Build.0 = Release|Any CPU
	EndGlobalSection
	GlobalSection(SolutionProperties) = preSolution
		HideSolutionNode = FALSE
	EndGlobalSection
EndGlobal
